{
  "requires": true,
  "lockfileVersion": 1,
  "dependencies": {
    "@googlemaps/types": {
      "version": "3.44.4",
      "resolved": "https://registry.npmjs.org/@googlemaps/types/-/types-3.44.4.tgz",
      "integrity": "sha512-0IwfqnWFpv6scV2RdTcNve5Nedz8vDjHjpjJBztbkgvgdZJJUcPF1SRnnNUP2n9xmO9wWhaVcVidinb7rI/IjA=="
    },
    "@types/faker": {
      "version": "6.6.9",
      "resolved": "https://registry.npmjs.org/@types/faker/-/faker-6.6.9.tgz",
      "integrity": "sha512-Y9YYm5L//8ooiiknO++4Gr539zzdI0j3aXnOBjo1Vk+kTvffY10GuE2wn78AFPECwZ5MYGTjiDVw1naLLdDimw==",
      "dev": true,
      "requires": {
        "faker": "*"
      }
    },
    "@types/google.maps": {
      "version": "3.47.3",
      "resolved": "https://registry.npmjs.org/@types/google.maps/-/google.maps-3.47.3.tgz",
      "integrity": "sha512-BF/BzpO0LWiwR/bBoGVriy7e2n+syuGNQMQ0r/+GtisUcgKn9P7Z4rmLNmZko9niE8JJ5dpMkxHeen7gADlNaw=="
    },
    "faker": {
      "version": "5.5.3",
      "resolved": "https://registry.npmjs.org/faker/-/faker-5.5.3.tgz",
      "integrity": "sha512-wLTv2a28wjUyWkbnX7u/ABZBkUkIF2fCd73V6P2oFqEGEktDfzWx4UxrSqtPRw0xPRAcjeAOIiJWqZm3pP4u3g==",
      "dev": true
    },
    "typescript": {
      "version": "4.5.5",
      "resolved": "https://registry.npmjs.org/typescript/-/typescript-4.5.5.tgz",
      "integrity": "sha512-TCTIul70LyWe6IJWT8QSYeA54WQe8EjQFU4wY52Fasj5UKx88LNYKCgBEHcOMOrFF1rKGbD8v/xcNWVUq9SymA==",
      "dev": true
    }
  }
}
